
Microsoft Visual Studio Solution File, Format Version 12.00
# Visual Studio Version 17
VisualStudioVersion = 17.10.35004.147
MinimumVisualStudioVersion = 10.0.40219.1
Project("{FAE04EC0-301F-11D3-BF4B-00C04F79EFBC}") = "ConsoleApp_18_06_Client", "ConsoleApp_18_06_Client\ConsoleApp_18_06_Client.csproj", "{DDBE5A11-7EFC-466B-8DE0-9BF3A5662B97}"
EndProject
Global
	GlobalSection(SolutionConfigurationPlatforms) = preSolution
		Debug|Any CPU = Debug|Any CPU
		Release|Any CPU = Release|Any CPU
	EndGlobalSection
	GlobalSection(ProjectConfigurationPlatforms) = postSolution
		{DDBE5A11-7EFC-466B-8DE0-9BF3A5662B97}.Debug|Any CPU.ActiveCfg = Debug|Any CPU
		{DDBE5A11-7EFC-466B-8DE0-9BF3A5662B97}.Debug|Any CPU.Build.0 = Debug|Any CPU
		{DDBE5A11-7EFC-466B-8DE0-9BF3A5662B97}.Release|Any CPU.ActiveCfg = Release|Any CPU
		{DDBE5A11-7EFC-466B-8DE0-9BF3A5662B97}.Release|Any CPU.Build.0 = Release|Any CPU
	EndGlobalSection
	GlobalSection(SolutionProperties) = preSolution
		HideSolutionNode = FALSE
	EndGlobalSection
	GlobalSection(ExtensibilityGlobals) = postSolution
		SolutionGuid = {D54E8EFF-04BD-489E-A36A-C46EFCC7DD71}
	EndGlobalSection
EndGlobal
